// !$*UTF8*$!
{
	archiveVersion = 1;
	classes = {
	};
	objectVersion = 55;
	objects = {

/* Begin PBXBuildFile section */
		467EF55A27710AFE0023B270 /* BasicToDOApp.swift in Sources */ = {isa = PBXBuildFile; fileRef = 467EF55927710AFE0023B270 /* BasicToDOApp.swift */; };
		467EF57527710C190023B270 /* StartView.swift in Sources */ = {isa = PBXBuildFile; fileRef = 467EF57427710C190023B270 /* StartView.swift */; };
		467EF57727710C480023B270 /* DynamicSpacer.swift in Sources */ = {isa = PBXBuildFile; fileRef = 467EF57627710C480023B270 /* DynamicSpacer.swift */; };
		467EF57C27710F960023B270 /* AppConstants.swift in Sources */ = {isa = PBXBuildFile; fileRef = 467EF57B27710F960023B270 /* AppConstants.swift */; };
		467EF5A3277125080023B270 /* ImperialScript-Regular.ttf in Resources */ = {isa = PBXBuildFile; fileRef = 467EF5A2277125080023B270 /* ImperialScript-Regular.ttf */; };
		467EF5B2277125380023B270 /* IBMPlexSans-MediumItalic.ttf in Resources */ = {isa = PBXBuildFile; fileRef = 467EF5A4277125370023B270 /* IBMPlexSans-MediumItalic.ttf */; };
		467EF5B3277125380023B270 /* IBMPlexSans-Thin.ttf in Resources */ = {isa = PBXBuildFile; fileRef = 467EF5A5277125370023B270 /* IBMPlexSans-Thin.ttf */; };
		467EF5B4277125380023B270 /* IBMPlexSans-ThinItalic.ttf in Resources */ = {isa = PBXBuildFile; fileRef = 467EF5A6277125370023B270 /* IBMPlexSans-ThinItalic.ttf */; };
		467EF5B5277125380023B270 /* IBMPlexSans-Regular.ttf in Resources */ = {isa = PBXBuildFile; fileRef = 467EF5A7277125370023B270 /* IBMPlexSans-Regular.ttf */; };
		467EF5B6277125380023B270 /* IBMPlexSans-BoldItalic.ttf in Resources */ = {isa = PBXBuildFile; fileRef = 467EF5A8277125370023B270 /* IBMPlexSans-BoldItalic.ttf */; };
		467EF5B8277125380023B270 /* IBMPlexSans-SemiBoldItalic.ttf in Resources */ = {isa = PBXBuildFile; fileRef = 467EF5AA277125370023B270 /* IBMPlexSans-SemiBoldItalic.ttf */; };
		467EF5B9277125380023B270 /* IBMPlexSans-Medium.ttf in Resources */ = {isa = PBXBuildFile; fileRef = 467EF5AB277125370023B270 /* IBMPlexSans-Medium.ttf */; };
		467EF5BA277125380023B270 /* IBMPlexSans-Light.ttf in Resources */ = {isa = PBXBuildFile; fileRef = 467EF5AC277125370023B270 /* IBMPlexSans-Light.ttf */; };
		467EF5BB277125380023B270 /* IBMPlexSans-Bold.ttf in Resources */ = {isa = PBXBuildFile; fileRef = 467EF5AD277125370023B270 /* IBMPlexSans-Bold.ttf */; };
		467EF5BC277125380023B270 /* IBMPlexSans-LightItalic.ttf in Resources */ = {isa = PBXBuildFile; fileRef = 467EF5AE277125370023B270 /* IBMPlexSans-LightItalic.ttf */; };
		467EF5BD277125380023B270 /* IBMPlexSans-SemiBold.ttf in Resources */ = {isa = PBXBuildFile; fileRef = 467EF5AF277125380023B270 /* IBMPlexSans-SemiBold.ttf */; };
		467EF5BE277125380023B270 /* IBMPlexSans-Italic.ttf in Resources */ = {isa = PBXBuildFile; fileRef = 467EF5B0277125380023B270 /* IBMPlexSans-Italic.ttf */; };
		467EF5C127712D570023B270 /* CustomFontExtension.swift in Sources */ = {isa = PBXBuildFile; fileRef = 467EF5C027712D570023B270 /* CustomFontExtension.swift */; };
		467EF5C32771398C0023B270 /* ColorConstants.swift in Sources */ = {isa = PBXBuildFile; fileRef = 467EF5C22771398C0023B270 /* ColorConstants.swift */; };
		467EF5C527713A900023B270 /* StringConstants.swift in Sources */ = {isa = PBXBuildFile; fileRef = 467EF5C427713A900023B270 /* StringConstants.swift */; };
		467EF5C827713FA20023B270 /* LoginButtonView.swift in Sources */ = {isa = PBXBuildFile; fileRef = 467EF5C727713FA20023B270 /* LoginButtonView.swift */; };
		467EF5CA277145610023B270 /* AppIconView.swift in Sources */ = {isa = PBXBuildFile; fileRef = 467EF5C9277145610023B270 /* AppIconView.swift */; };
		46E9A6FF2771CC7C00A3208E /* HomeView.swift in Sources */ = {isa = PBXBuildFile; fileRef = 46E9A6FE2771CC7C00A3208E /* HomeView.swift */; };
		46E9A7022771D29800A3208E /* HomeViewNoteCard.swift in Sources */ = {isa = PBXBuildFile; fileRef = 46E9A7012771D29800A3208E /* HomeViewNoteCard.swift */; };
		46E9A7042771D55700A3208E /* BaseView.swift in Sources */ = {isa = PBXBuildFile; fileRef = 46E9A7032771D55700A3208E /* BaseView.swift */; };
		46E9A7072771DB4200A3208E /* LocaleManager.swift in Sources */ = {isa = PBXBuildFile; fileRef = 46E9A7062771DB4200A3208E /* LocaleManager.swift */; };
		46E9A7092771E13300A3208E /* ArrayStorageExtension.swift in Sources */ = {isa = PBXBuildFile; fileRef = 46E9A7082771E13300A3208E /* ArrayStorageExtension.swift */; };
		46E9A70C2771F6F000A3208E /* SheetView.swift in Sources */ = {isa = PBXBuildFile; fileRef = 46E9A70B2771F6F000A3208E /* SheetView.swift */; };
/* End PBXBuildFile section */

/* Begin PBXFileReference section */
		467EF55627710AFE0023B270 /* BasicToDO.app */ = {isa = PBXFileReference; explicitFileType = wrapper.application; includeInIndex = 0; path = BasicToDO.app; sourceTree = BUILT_PRODUCTS_DIR; };
		467EF55927710AFE0023B270 /* BasicToDOApp.swift */ = {isa = PBXFileReference; lastKnownFileType = sourcecode.swift; path = BasicToDOApp.swift; sourceTree = "<group>"; };
		467EF55D27710AFF0023B270 /* Assets.xcassets */ = {isa = PBXFileReference; lastKnownFileType = folder.assetcatalog; path = Assets.xcassets; sourceTree = "<group>"; };
		467EF56027710AFF0023B270 /* Preview Assets.xcassets */ = {isa = PBXFileReference; lastKnownFileType = folder.assetcatalog; path = "Preview Assets.xcassets"; sourceTree = "<group>"; };
		467EF57427710C190023B270 /* StartView.swift */ = {isa = PBXFileReference; lastKnownFileType = sourcecode.swift; path = StartView.swift; sourceTree = "<group>"; };
		467EF57627710C480023B270 /* DynamicSpacer.swift */ = {isa = PBXFileReference; lastKnownFileType = sourcecode.swift; path = DynamicSpacer.swift; sourceTree = "<group>"; };
		467EF57B27710F960023B270 /* AppConstants.swift */ = {isa = PBXFileReference; lastKnownFileType = sourcecode.swift; path = AppConstants.swift; sourceTree = "<group>"; };
		467EF59D2771214D0023B270 /* Info.plist */ = {isa = PBXFileReference; lastKnownFileType = text.plist; path = Info.plist; sourceTree = "<group>"; };
		467EF5A2277125080023B270 /* ImperialScript-Regular.ttf */ = {isa = PBXFileReference; lastKnownFileType = file; path = "ImperialScript-Regular.ttf"; sourceTree = "<group>"; };
		467EF5A4277125370023B270 /* IBMPlexSans-MediumItalic.ttf */ = {isa = PBXFileReference; lastKnownFileType = file; path = "IBMPlexSans-MediumItalic.ttf"; sourceTree = "<group>"; };
		467EF5A5277125370023B270 /* IBMPlexSans-Thin.ttf */ = {isa = PBXFileReference; lastKnownFileType = file; path = "IBMPlexSans-Thin.ttf"; sourceTree = "<group>"; };
		467EF5A6277125370023B270 /* IBMPlexSans-ThinItalic.ttf */ = {isa = PBXFileReference; lastKnownFileType = file; path = "IBMPlexSans-ThinItalic.ttf"; sourceTree = "<group>"; };
		467EF5A7277125370023B270 /* IBMPlexSans-Regular.ttf */ = {isa = PBXFileReference; lastKnownFileType = file; path = "IBMPlexSans-Regular.ttf"; sourceTree = "<group>"; };
		467EF5A8277125370023B270 /* IBMPlexSans-BoldItalic.ttf */ = {isa = PBXFileReference; lastKnownFileType = file; path = "IBMPlexSans-BoldItalic.ttf"; sourceTree = "<group>"; };
		467EF5AA277125370023B270 /* IBMPlexSans-SemiBoldItalic.ttf */ = {isa = PBXFileReference; lastKnownFileType = file; path = "IBMPlexSans-SemiBoldItalic.ttf"; sourceTree = "<group>"; };
		467EF5AB277125370023B270 /* IBMPlexSans-Medium.ttf */ = {isa = PBXFileReference; lastKnownFileType = file; path = "IBMPlexSans-Medium.ttf"; sourceTree = "<group>"; };
		467EF5AC277125370023B270 /* IBMPlexSans-Light.ttf */ = {isa = PBXFileReference; lastKnownFileType = file; path = "IBMPlexSans-Light.ttf"; sourceTree = "<group>"; };
		467EF5AD277125370023B270 /* IBMPlexSans-Bold.ttf */ = {isa = PBXFileReference; lastKnownFileType = file; path = "IBMPlexSans-Bold.ttf"; sourceTree = "<group>"; };
		467EF5AE277125370023B270 /* IBMPlexSans-LightItalic.ttf */ = {isa = PBXFileReference; lastKnownFileType = file; path = "IBMPlexSans-LightItalic.ttf"; sourceTree = "<group>"; };
		467EF5AF277125380023B270 /* IBMPlexSans-SemiBold.ttf */ = {isa = PBXFileReference; lastKnownFileType = file; path = "IBMPlexSans-SemiBold.ttf"; sourceTree = "<group>"; };
		467EF5B0277125380023B270 /* IBMPlexSans-Italic.ttf */ = {isa = PBXFileReference; lastKnownFileType = file; path = "IBMPlexSans-Italic.ttf"; sourceTree = "<group>"; };
		467EF5C027712D570023B270 /* CustomFontExtension.swift */ = {isa = PBXFileReference; lastKnownFileType = sourcecode.swift; path = CustomFontExtension.swift; sourceTree = "<group>"; };
		467EF5C22771398C0023B270 /* ColorConstants.swift */ = {isa = PBXFileReference; lastKnownFileType = sourcecode.swift; path = ColorConstants.swift; sourceTree = "<group>"; };
		467EF5C427713A900023B270 /* StringConstants.swift */ = {isa = PBXFileReference; lastKnownFileType = sourcecode.swift; path = StringConstants.swift; sourceTree = "<group>"; };
		467EF5C727713FA20023B270 /* LoginButtonView.swift */ = {isa = PBXFileReference; lastKnownFileType = sourcecode.swift; path = LoginButtonView.swift; sourceTree = "<group>"; };
		467EF5C9277145610023B270 /* AppIconView.swift */ = {isa = PBXFileReference; lastKnownFileType = sourcecode.swift; path = AppIconView.swift; sourceTree = "<group>"; };
		46E9A6FE2771CC7C00A3208E /* HomeView.swift */ = {isa = PBXFileReference; lastKnownFileType = sourcecode.swift; path = HomeView.swift; sourceTree = "<group>"; };
		46E9A7012771D29800A3208E /* HomeViewNoteCard.swift */ = {isa = PBXFileReference; lastKnownFileType = sourcecode.swift; path = HomeViewNoteCard.swift; sourceTree = "<group>"; };
		46E9A7032771D55700A3208E /* BaseView.swift */ = {isa = PBXFileReference; lastKnownFileType = sourcecode.swift; path = BaseView.swift; sourceTree = "<group>"; };
		46E9A7062771DB4200A3208E /* LocaleManager.swift */ = {isa = PBXFileReference; lastKnownFileType = sourcecode.swift; path = LocaleManager.swift; sourceTree = "<group>"; };
		46E9A7082771E13300A3208E /* ArrayStorageExtension.swift */ = {isa = PBXFileReference; lastKnownFileType = sourcecode.swift; path = ArrayStorageExtension.swift; sourceTree = "<group>"; };
		46E9A70B2771F6F000A3208E /* SheetView.swift */ = {isa = PBXFileReference; lastKnownFileType = sourcecode.swift; path = SheetView.swift; sourceTree = "<group>"; };
/* End PBXFileReference section */

/* Begin PBXFrameworksBuildPhase section */
		467EF55327710AFE0023B270 /* Frameworks */ = {
			isa = PBXFrameworksBuildPhase;
			buildActionMask = 2147483647;
			files = (
			);
			runOnlyForDeploymentPostprocessing = 0;
		};
/* End PBXFrameworksBuildPhase section */

/* Begin PBXGroup section */
		467EF54D27710AFE0023B270 = {
			isa = PBXGroup;
			children = (
				467EF55827710AFE0023B270 /* BasicToDO */,
				467EF55727710AFE0023B270 /* Products */,
			);
			sourceTree = "<group>";
		};
		467EF55727710AFE0023B270 /* Products */ = {
			isa = PBXGroup;
			children = (
				467EF55627710AFE0023B270 /* BasicToDO.app */,
			);
			name = Products;
			sourceTree = "<group>";
		};
		467EF55827710AFE0023B270 /* BasicToDO */ = {
			isa = PBXGroup;
			children = (
				467EF5A1277124FB0023B270 /* Font */,
				467EF59D2771214D0023B270 /* Info.plist */,
				467EF56727710B070023B270 /* Core */,
				467EF56A27710B220023B270 /* Product */,
				467EF56927710B190023B270 /* Feature */,
				467EF55927710AFE0023B270 /* BasicToDOApp.swift */,
				467EF55D27710AFF0023B270 /* Assets.xcassets */,
				467EF55F27710AFF0023B270 /* Preview Content */,
			);
			path = BasicToDO;
			sourceTree = "<group>";
		};
		467EF55F27710AFF0023B270 /* Preview Content */ = {
			isa = PBXGroup;
			children = (
				467EF56027710AFF0023B270 /* Preview Assets.xcassets */,
			);
			path = "Preview Content";
			sourceTree = "<group>";
		};
		467EF56727710B070023B270 /* Core */ = {
			isa = PBXGroup;
			children = (
				46E9A7052771DB3500A3208E /* Managers */,
				467EF57A27710F300023B270 /* Constants */,
				467EF56F27710B770023B270 /* Helpers */,
				467EF56E27710B710023B270 /* Extensions */,
				467EF56D27710B660023B270 /* Utils */,
			);
			path = Core;
			sourceTree = "<group>";
		};
		467EF56927710B190023B270 /* Feature */ = {
			isa = PBXGroup;
			children = (
				467EF56B27710B2E0023B270 /* Screens */,
			);
			path = Feature;
			sourceTree = "<group>";
		};
		467EF56A27710B220023B270 /* Product */ = {
			isa = PBXGroup;
			children = (
				467EF57027710B870023B270 /* Views */,
			);
			path = Product;
			sourceTree = "<group>";
		};
		467EF56B27710B2E0023B270 /* Screens */ = {
			isa = PBXGroup;
			children = (
				46E9A70A2771F6DC00A3208E /* SheetView */,
				467EF57927710CFC0023B270 /* Base */,
				467EF57127710BDD0023B270 /* Start */,
				467EF56C27710B380023B270 /* Home */,
			);
			path = Screens;
			sourceTree = "<group>";
		};
		467EF56C27710B380023B270 /* Home */ = {
			isa = PBXGroup;
			children = (
				46E9A6FE2771CC7C00A3208E /* HomeView.swift */,
			);
			path = Home;
			sourceTree = "<group>";
		};
		467EF56D27710B660023B270 /* Utils */ = {
			isa = PBXGroup;
			children = (
				467EF57627710C480023B270 /* DynamicSpacer.swift */,
			);
			path = Utils;
			sourceTree = "<group>";
		};
		467EF56E27710B710023B270 /* Extensions */ = {
			isa = PBXGroup;
			children = (
				467EF5C027712D570023B270 /* CustomFontExtension.swift */,
				46E9A7082771E13300A3208E /* ArrayStorageExtension.swift */,
			);
			path = Extensions;
			sourceTree = "<group>";
		};
		467EF56F27710B770023B270 /* Helpers */ = {
			isa = PBXGroup;
			children = (
			);
			path = Helpers;
			sourceTree = "<group>";
		};
		467EF57027710B870023B270 /* Views */ = {
			isa = PBXGroup;
			children = (
				467EF5C727713FA20023B270 /* LoginButtonView.swift */,
				467EF5C9277145610023B270 /* AppIconView.swift */,
				46E9A7012771D29800A3208E /* HomeViewNoteCard.swift */,
			);
			path = Views;
			sourceTree = "<group>";
		};
		467EF57127710BDD0023B270 /* Start */ = {
			isa = PBXGroup;
			children = (
				467EF57427710C190023B270 /* StartView.swift */,
			);
			path = Start;
			sourceTree = "<group>";
		};
		467EF57927710CFC0023B270 /* Base */ = {
			isa = PBXGroup;
			children = (
				46E9A7032771D55700A3208E /* BaseView.swift */,
			);
			path = Base;
			sourceTree = "<group>";
		};
		467EF57A27710F300023B270 /* Constants */ = {
			isa = PBXGroup;
			children = (
				467EF57B27710F960023B270 /* AppConstants.swift */,
				467EF5C22771398C0023B270 /* ColorConstants.swift */,
				467EF5C427713A900023B270 /* StringConstants.swift */,
			);
			path = Constants;
			sourceTree = "<group>";
		};
		467EF5A1277124FB0023B270 /* Font */ = {
			isa = PBXGroup;
			children = (
				467EF5AD277125370023B270 /* IBMPlexSans-Bold.ttf */,
				467EF5A8277125370023B270 /* IBMPlexSans-BoldItalic.ttf */,
				467EF5B0277125380023B270 /* IBMPlexSans-Italic.ttf */,
				467EF5AC277125370023B270 /* IBMPlexSans-Light.ttf */,
				467EF5AE277125370023B270 /* IBMPlexSans-LightItalic.ttf */,
				467EF5AB277125370023B270 /* IBMPlexSans-Medium.ttf */,
				467EF5A4277125370023B270 /* IBMPlexSans-MediumItalic.ttf */,
				467EF5A7277125370023B270 /* IBMPlexSans-Regular.ttf */,
				467EF5AF277125380023B270 /* IBMPlexSans-SemiBold.ttf */,
				467EF5AA277125370023B270 /* IBMPlexSans-SemiBoldItalic.ttf */,
				467EF5A5277125370023B270 /* IBMPlexSans-Thin.ttf */,
				467EF5A6277125370023B270 /* IBMPlexSans-ThinItalic.ttf */,
				467EF5A2277125080023B270 /* ImperialScript-Regular.ttf */,
			);
			path = Font;
			sourceTree = "<group>";
		};
		46E9A7052771DB3500A3208E /* Managers */ = {
			isa = PBXGroup;
			children = (
				46E9A7062771DB4200A3208E /* LocaleManager.swift */,
			);
			path = Managers;
			sourceTree = "<group>";
		};
		46E9A70A2771F6DC00A3208E /* SheetView */ = {
			isa = PBXGroup;
			children = (
				46E9A70B2771F6F000A3208E /* SheetView.swift */,
			);
			path = SheetView;
			sourceTree = "<group>";
		};
/* End PBXGroup section */

/* Begin PBXNativeTarget section */
		467EF55527710AFE0023B270 /* BasicToDO */ = {
			isa = PBXNativeTarget;
			buildConfigurationList = 467EF56427710AFF0023B270 /* Build configuration list for PBXNativeTarget "BasicToDO" */;
			buildPhases = (
				467EF55227710AFE0023B270 /* Sources */,
				467EF55327710AFE0023B270 /* Frameworks */,
				467EF55427710AFE0023B270 /* Resources */,
			);
			buildRules = (
			);
			dependencies = (
			);
			name = BasicToDO;
			productName = BasicToDO;
			productReference = 467EF55627710AFE0023B270 /* BasicToDO.app */;
			productType = "com.apple.product-type.application";
		};
/* End PBXNativeTarget section */

/* Begin PBXProject section */
		467EF54E27710AFE0023B270 /* Project object */ = {
			isa = PBXProject;
			attributes = {
				BuildIndependentTargetsInParallel = 1;
				LastSwiftUpdateCheck = 1310;
				LastUpgradeCheck = 1310;
				TargetAttributes = {
					467EF55527710AFE0023B270 = {
						CreatedOnToolsVersion = 13.1;
					};
				};
			};
			buildConfigurationList = 467EF55127710AFE0023B270 /* Build configuration list for PBXProject "BasicToDO" */;
			compatibilityVersion = "Xcode 13.0";
			developmentRegion = en;
			hasScannedForEncodings = 0;
			knownRegions = (
				en,
				Base,
			);
			mainGroup = 467EF54D27710AFE0023B270;
			productRefGroup = 467EF55727710AFE0023B270 /* Products */;
			projectDirPath = "";
			projectRoot = "";
			targets = (
				467EF55527710AFE0023B270 /* BasicToDO */,
			);
		};
/* End PBXProject section */

/* Begin PBXResourcesBuildPhase section */
		467EF55427710AFE0023B270 /* Resources */ = {
			isa = PBXResourcesBuildPhase;
			buildActionMask = 2147483647;
			files = (
				467EF5BB277125380023B270 /* IBMPlexSans-Bold.ttf in Resources */,
				467EF5BA277125380023B270 /* IBMPlexSans-Light.ttf in Resources */,
				467EF5B6277125380023B270 /* IBMPlexSans-BoldItalic.ttf in Resources */,
				467EF5B2277125380023B270 /* IBMPlexSans-MediumItalic.ttf in Resources */,
				467EF5B8277125380023B270 /* IBMPlexSans-SemiBoldItalic.ttf in Resources */,
				467EF5B3277125380023B270 /* IBMPlexSans-Thin.ttf in Resources */,
				467EF5B5277125380023B270 /* IBMPlexSans-Regular.ttf in Resources */,
				467EF5BC277125380023B270 /* IBMPlexSans-LightItalic.ttf in Resources */,
				467EF5B9277125380023B270 /* IBMPlexSans-Medium.ttf in Resources */,
				467EF5B4277125380023B270 /* IBMPlexSans-ThinItalic.ttf in Resources */,
				467EF5A3277125080023B270 /* ImperialScript-Regular.ttf in Resources */,
				467EF5BD277125380023B270 /* IBMPlexSans-SemiBold.ttf in Resources */,
				467EF5BE277125380023B270 /* IBMPlexSans-Italic.ttf in Resources */,
			);
			runOnlyForDeploymentPostprocessing = 0;
		};
/* End PBXResourcesBuildPhase section */

/* Begin PBXSourcesBuildPhase section */
		467EF55227710AFE0023B270 /* Sources */ = {
			isa = PBXSourcesBuildPhase;
			buildActionMask = 2147483647;
			files = (
				467EF57527710C190023B270 /* StartView.swift in Sources */,
				467EF5C127712D570023B270 /* CustomFontExtension.swift in Sources */,
				467EF5C527713A900023B270 /* StringConstants.swift in Sources */,
				46E9A7092771E13300A3208E /* ArrayStorageExtension.swift in Sources */,
				46E9A7042771D55700A3208E /* BaseView.swift in Sources */,
				46E9A6FF2771CC7C00A3208E /* HomeView.swift in Sources */,
				46E9A7022771D29800A3208E /* HomeViewNoteCard.swift in Sources */,
				46E9A70C2771F6F000A3208E /* SheetView.swift in Sources */,
				467EF5C32771398C0023B270 /* ColorConstants.swift in Sources */,
				467EF5C827713FA20023B270 /* LoginButtonView.swift in Sources */,
				467EF57727710C480023B270 /* DynamicSpacer.swift in Sources */,
				467EF55A27710AFE0023B270 /* BasicToDOApp.swift in Sources */,
				46E9A7072771DB4200A3208E /* LocaleManager.swift in Sources */,
				467EF57C27710F960023B270 /* AppConstants.swift in Sources */,
				467EF5CA277145610023B270 /* AppIconView.swift in Sources */,
			);
			runOnlyForDeploymentPostprocessing = 0;
		};
/* End PBXSourcesBuildPhase section */

/* Begin XCBuildConfiguration section */
		467EF56227710AFF0023B270 /* Debug */ = {
			isa = XCBuildConfiguration;
			buildSettings = {
				ALWAYS_SEARCH_USER_PATHS = NO;
				CLANG_ANALYZER_NONNULL = YES;
				CLANG_ANALYZER_NUMBER_OBJECT_CONVERSION = YES_AGGRESSIVE;
				CLANG_CXX_LANGUAGE_STANDARD = "gnu++17";
				CLANG_CXX_LIBRARY = "libc++";
				CLANG_ENABLE_MODULES = YES;
				CLANG_ENABLE_OBJC_ARC = YES;
				CLANG_ENABLE_OBJC_WEAK = YES;
				CLANG_WARN_BLOCK_CAPTURE_AUTORELEASING = YES;
				CLANG_WARN_BOOL_CONVERSION = YES;
				CLANG_WARN_COMMA = YES;
				CLANG_WARN_CONSTANT_CONVERSION = YES;
				CLANG_WARN_DEPRECATED_OBJC_IMPLEMENTATIONS = YES;
				CLANG_WARN_DIRECT_OBJC_ISA_USAGE = YES_ERROR;
				CLANG_WARN_DOCUMENTATION_COMMENTS = YES;
				CLANG_WARN_EMPTY_BODY = YES;
				CLANG_WARN_ENUM_CONVERSION = YES;
				CLANG_WARN_INFINITE_RECURSION = YES;
				CLANG_WARN_INT_CONVERSION = YES;
				CLANG_WARN_NON_LITERAL_NULL_CONVERSION = YES;
				CLANG_WARN_OBJC_IMPLICIT_RETAIN_SELF = YES;
				CLANG_WARN_OBJC_LITERAL_CONVERSION = YES;
				CLANG_WARN_OBJC_ROOT_CLASS = YES_ERROR;
				CLANG_WARN_QUOTED_INCLUDE_IN_FRAMEWORK_HEADER = YES;
				CLANG_WARN_RANGE_LOOP_ANALYSIS = YES;
				CLANG_WARN_STRICT_PROTOTYPES = YES;
				CLANG_WARN_SUSPICIOUS_MOVE = YES;
				CLANG_WARN_UNGUARDED_AVAILABILITY = YES_AGGRESSIVE;
				CLANG_WARN_UNREACHABLE_CODE = YES;
				CLANG_WARN__DUPLICATE_METHOD_MATCH = YES;
				COPY_PHASE_STRIP = NO;
				DEBUG_INFORMATION_FORMAT = dwarf;
				ENABLE_STRICT_OBJC_MSGSEND = YES;
				ENABLE_TESTABILITY = YES;
				GCC_C_LANGUAGE_STANDARD = gnu11;
				GCC_DYNAMIC_NO_PIC = NO;
				GCC_NO_COMMON_BLOCKS = YES;
				GCC_OPTIMIZATION_LEVEL = 0;
				GCC_PREPROCESSOR_DEFINITIONS = (
					"DEBUG=1",
					"$(inherited)",
				);
				GCC_WARN_64_TO_32_BIT_CONVERSION = YES;
				GCC_WARN_ABOUT_RETURN_TYPE = YES_ERROR;
				GCC_WARN_UNDECLARED_SELECTOR = YES;
				GCC_WARN_UNINITIALIZED_AUTOS = YES_AGGRESSIVE;
				GCC_WARN_UNUSED_FUNCTION = YES;
				GCC_WARN_UNUSED_VARIABLE = YES;
				IPHONEOS_DEPLOYMENT_TARGET = 15.0;
				MTL_ENABLE_DEBUG_INFO = INCLUDE_SOURCE;
				MTL_FAST_MATH = YES;
				ONLY_ACTIVE_ARCH = YES;
				SDKROOT = iphoneos;
				SWIFT_ACTIVE_COMPILATION_CONDITIONS = DEBUG;
				SWIFT_OPTIMIZATION_LEVEL = "-Onone";
			};
			name = Debug;
		};
		467EF56327710AFF0023B270 /* Release */ = {
			isa = XCBuildConfiguration;
			buildSettings = {
				ALWAYS_SEARCH_USER_PATHS = NO;
				CLANG_ANALYZER_NONNULL = YES;
				CLANG_ANALYZER_NUMBER_OBJECT_CONVERSION = YES_AGGRESSIVE;
				CLANG_CXX_LANGUAGE_STANDARD = "gnu++17";
				CLANG_CXX_LIBRARY = "libc++";
				CLANG_ENABLE_MODULES = YES;
				CLANG_ENABLE_OBJC_ARC = YES;
				CLANG_ENABLE_OBJC_WEAK = YES;
				CLANG_WARN_BLOCK_CAPTURE_AUTORELEASING = YES;
				CLANG_WARN_BOOL_CONVERSION = YES;
				CLANG_WARN_COMMA = YES;
				CLANG_WARN_CONSTANT_CONVERSION = YES;
				CLANG_WARN_DEPRECATED_OBJC_IMPLEMENTATIONS = YES;
				CLANG_WARN_DIRECT_OBJC_ISA_USAGE = YES_ERROR;
				CLANG_WARN_DOCUMENTATION_COMMENTS = YES;
				CLANG_WARN_EMPTY_BODY = YES;
				CLANG_WARN_ENUM_CONVERSION = YES;
				CLANG_WARN_INFINITE_RECURSION = YES;
				CLANG_WARN_INT_CONVERSION = YES;
				CLANG_WARN_NON_LITERAL_NULL_CONVERSION = YES;
				CLANG_WARN_OBJC_IMPLICIT_RETAIN_SELF = YES;
				CLANG_WARN_OBJC_LITERAL_CONVERSION = YES;
				CLANG_WARN_OBJC_ROOT_CLASS = YES_ERROR;
				CLANG_WARN_QUOTED_INCLUDE_IN_FRAMEWORK_HEADER = YES;
				CLANG_WARN_RANGE_LOOP_ANALYSIS = YES;
				CLANG_WARN_STRICT_PROTOTYPES = YES;
				CLANG_WARN_SUSPICIOUS_MOVE = YES;
				CLANG_WARN_UNGUARDED_AVAILABILITY = YES_AGGRESSIVE;
				CLANG_WARN_UNREACHABLE_CODE = YES;
				CLANG_WARN__DUPLICATE_METHOD_MATCH = YES;
				COPY_PHASE_STRIP = NO;
				DEBUG_INFORMATION_FORMAT = "dwarf-with-dsym";
				ENABLE_NS_ASSERTIONS = NO;
				ENABLE_STRICT_OBJC_MSGSEND = YES;
				GCC_C_LANGUAGE_STANDARD = gnu11;
				GCC_NO_COMMON_BLOCKS = YES;
				GCC_WARN_64_TO_32_BIT_CONVERSION = YES;
				GCC_WARN_ABOUT_RETURN_TYPE = YES_ERROR;
				GCC_WARN_UNDECLARED_SELECTOR = YES;
				GCC_WARN_UNINITIALIZED_AUTOS = YES_AGGRESSIVE;
				GCC_WARN_UNUSED_FUNCTION = YES;
				GCC_WARN_UNUSED_VARIABLE = YES;
				IPHONEOS_DEPLOYMENT_TARGET = 15.0;
				MTL_ENABLE_DEBUG_INFO = NO;
				MTL_FAST_MATH = YES;
				SDKROOT = iphoneos;
				SWIFT_COMPILATION_MODE = wholemodule;
				SWIFT_OPTIMIZATION_LEVEL = "-O";
				VALIDATE_PRODUCT = YES;
			};
			name = Release;
		};
		467EF56527710AFF0023B270 /* Debug */ = {
			isa = XCBuildConfiguration;
			buildSettings = {
				ASSETCATALOG_COMPILER_APPICON_NAME = AppIcon;
				ASSETCATALOG_COMPILER_GLOBAL_ACCENT_COLOR_NAME = AccentColor;
				CODE_SIGN_STYLE = Automatic;
				CURRENT_PROJECT_VERSION = 1;
				DEVELOPMENT_ASSET_PATHS = "\"BasicToDO/Preview Content\"";
				DEVELOPMENT_TEAM = 348T9RAC33;
				ENABLE_PREVIEWS = YES;
				GENERATE_INFOPLIST_FILE = YES;
				INFOPLIST_FILE = BasicToDO/Info.plist;
				INFOPLIST_KEY_UIApplicationSceneManifest_Generation = YES;
				INFOPLIST_KEY_UIApplicationSupportsIndirectInputEvents = YES;
				INFOPLIST_KEY_UILaunchScreen_Generation = YES;
				INFOPLIST_KEY_UISupportedInterfaceOrientations_iPad = "UIInterfaceOrientationPortrait UIInterfaceOrientationPortraitUpsideDown UIInterfaceOrientationLandscapeLeft UIInterfaceOrientationLandscapeRight";
				INFOPLIST_KEY_UISupportedInterfaceOrientations_iPhone = "UIInterfaceOrientationPortrait UIInterfaceOrientationLandscapeLeft UIInterfaceOrientationLandscapeRight";
				LD_RUNPATH_SEARCH_PATHS = (
					"$(inherited)",
					"@executable_path/Frameworks",
				);
				MARKETING_VERSION = 1.0;
				PRODUCT_BUNDLE_IDENTIFIER = meatlanosrep.BasicToDO;
				PRODUCT_NAME = "$(TARGET_NAME)";
				SWIFT_EMIT_LOC_STRINGS = YES;
				SWIFT_VERSION = 5.0;
				TARGETED_DEVICE_FAMILY = "1,2";
			};
			name = Debug;
		};
		467EF56627710AFF0023B270 /* Release */ = {
			isa = XCBuildConfiguration;
			buildSettings = {
				ASSETCATALOG_COMPILER_APPICON_NAME = AppIcon;
				ASSETCATALOG_COMPILER_GLOBAL_ACCENT_COLOR_NAME = AccentColor;
				CODE_SIGN_STYLE = Automatic;
				CURRENT_PROJECT_VERSION = 1;
				DEVELOPMENT_ASSET_PATHS = "\"BasicToDO/Preview Content\"";
				DEVELOPMENT_TEAM = 348T9RAC33;
				ENABLE_PREVIEWS = YES;
				GENERATE_INFOPLIST_FILE = YES;
				INFOPLIST_FILE = BasicToDO/Info.plist;
				INFOPLIST_KEY_UIApplicationSceneManifest_Generation = YES;
				INFOPLIST_KEY_UIApplicationSupportsIndirectInputEvents = YES;
				INFOPLIST_KEY_UILaunchScreen_Generation = YES;
				INFOPLIST_KEY_UISupportedInterfaceOrientations_iPad = "UIInterfaceOrientationPortrait UIInterfaceOrientationPortraitUpsideDown UIInterfaceOrientationLandscapeLeft UIInterfaceOrientationLandscapeRight";
				INFOPLIST_KEY_UISupportedInterfaceOrientations_iPhone = "UIInterfaceOrientationPortrait UIInterfaceOrientationLandscapeLeft UIInterfaceOrientationLandscapeRight";
				LD_RUNPATH_SEARCH_PATHS = (
					"$(inherited)",
					"@executable_path/Frameworks",
				);
				MARKETING_VERSION = 1.0;
				PRODUCT_BUNDLE_IDENTIFIER = meatlanosrep.BasicToDO;
				PRODUCT_NAME = "$(TARGET_NAME)";
				SWIFT_EMIT_LOC_STRINGS = YES;
				SWIFT_VERSION = 5.0;
				TARGETED_DEVICE_FAMILY = "1,2";
			};
			name = Release;
		};
/* End XCBuildConfiguration section */

/* Begin XCConfigurationList section */
		467EF55127710AFE0023B270 /* Build configuration list for PBXProject "BasicToDO" */ = {
			isa = XCConfigurationList;
			buildConfigurations = (
				467EF56227710AFF0023B270 /* Debug */,
				467EF56327710AFF0023B270 /* Release */,
			);
			defaultConfigurationIsVisible = 0;
			defaultConfigurationName = Release;
		};
		467EF56427710AFF0023B270 /* Build configuration list for PBXNativeTarget "BasicToDO" */ = {
			isa = XCConfigurationList;
			buildConfigurations = (
				467EF56527710AFF0023B270 /* Debug */,
				467EF56627710AFF0023B270 /* Release */,
			);
			defaultConfigurationIsVisible = 0;
			defaultConfigurationName = Release;
		};
/* End XCConfigurationList section */
	};
	rootObject = 467EF54E27710AFE0023B270 /* Project object */;
}
